
Microsoft Visual Studio Solution File, Format Version 12.00
# Visual Studio Version 17
VisualStudioVersion = 17.9.34728.123
MinimumVisualStudioVersion = 10.0.40219.1
Project("{9A19103F-16F7-4668-BE54-9A1E7A4F7556}") = "HBM.Identity", "HBM.Identity\HBM.Identity.csproj", "{F83E2CAC-5090-4716-A694-0FD134776A7B}"
EndProject
Global
	GlobalSection(SolutionConfigurationPlatforms) = preSolution
		Debug|Any CPU = Debug|Any CPU
		Release|Any CPU = Release|Any CPU
	EndGlobalSection
	GlobalSection(ProjectConfigurationPlatforms) = postSolution
		{F83E2CAC-5090-4716-A694-0FD134776A7B}.Debug|Any CPU.ActiveCfg = Debug|Any CPU
		{F83E2CAC-5090-4716-A694-0FD134776A7B}.Debug|Any CPU.Build.0 = Debug|Any CPU
		{F83E2CAC-5090-4716-A694-0FD134776A7B}.Release|Any CPU.ActiveCfg = Release|Any CPU
		{F83E2CAC-5090-4716-A694-0FD134776A7B}.Release|Any CPU.Build.0 = Release|Any CPU
	EndGlobalSection
	GlobalSection(SolutionProperties) = preSolution
		HideSolutionNode = FALSE
	EndGlobalSection
	GlobalSection(ExtensibilityGlobals) = postSolution
		SolutionGuid = {D2EB3EF9-A57F-4673-95FE-091292CFE3ED}
	EndGlobalSection
EndGlobal
